{
  "originHash" : "a84db17fc0473cc884ac1cff1b763e9ac1781a32996628fb2903e847a302df2c",
  "pins" : [
    {
      "identity" : "mpvkit",
      "kind" : "remoteSourceControl",
      "location" : "https://github.com/mpvkit/MPVKit.git",
      "state" : {
        "revision" : "288527dffbc6d3e63cce147fc7b520c64a791603",
        "version" : "1.0.0"
      }
    }
  ],
  "version" : 3
}
